
Microsoft Visual Studio Solution File, Format Version 12.00
# Visual Studio Version 17
VisualStudioVersion = 17.11.35222.181
MinimumVisualStudioVersion = 10.0.40219.1
Project("{2150E333-8FDC-42A3-9474-1A3956D46DE8}") = "Services", "Services", "{D822DB87-DDC6-4C51-B2AC-35C292947BFA}"
EndProject
Project("{2150E333-8FDC-42A3-9474-1A3956D46DE8}") = "Catalog", "Catalog", "{CF569DE6-51CE-46DB-9A7E-FBADB782E4BD}"
EndProject
Project("{9A19103F-16F7-4668-BE54-9A1E7A4F7556}") = "Catalog.API", "Services\Catalog\Catalog.API\Catalog.API.csproj", "{33BBD9DC-CC00-4D6C-A9CD-A03B42CE5552}"
EndProject
Project("{2150E333-8FDC-42A3-9474-1A3956D46DE8}") = "BuildingBlocks", "BuildingBlocks", "{50B538D3-5BC0-4F16-976F-53220F0BE930}"
EndProject
Project("{9A19103F-16F7-4668-BE54-9A1E7A4F7556}") = "BuildingBlocks", "BuildingBlocks\BuildingBlocks\BuildingBlocks.csproj", "{5B6FB197-36C5-4EDA-BD33-5C420B3506F6}"
EndProject
Project("{E53339B2-1760-4266-BCC7-CA923CBCF16C}") = "docker-compose", "docker-compose.dcproj", "{4B4C206C-E5AC-481F-B0EC-85D9E9097E79}"
EndProject
Project("{2150E333-8FDC-42A3-9474-1A3956D46DE8}") = "Basket", "Basket", "{D922E0CB-401C-47B1-80F7-0198EACAF34A}"
EndProject
Project("{9A19103F-16F7-4668-BE54-9A1E7A4F7556}") = "Basket.API", "Services\Basket\Basket.API\Basket.API.csproj", "{C85F8125-6F6E-4421-98ED-785D855EFB21}"
EndProject
Project("{2150E333-8FDC-42A3-9474-1A3956D46DE8}") = "Discount", "Discount", "{86176AE2-5CF6-4CE6-9C6D-BBBEE4D42D8A}"
EndProject
Project("{9A19103F-16F7-4668-BE54-9A1E7A4F7556}") = "Discount.Grpc", "Services\Discount\Discount.Grpc\Discount.Grpc.csproj", "{95C90426-EBF4-4B86-8246-69E7B8DFC883}"
EndProject
Project("{2150E333-8FDC-42A3-9474-1A3956D46DE8}") = "Ordering", "Ordering", "{11389659-B9BE-487A-93FF-D6AC9F10B2E2}"
EndProject
Project("{9A19103F-16F7-4668-BE54-9A1E7A4F7556}") = "Ordering.API", "Services\Ordering\Ordering.API\Ordering.API.csproj", "{04CEB9B7-360D-4E58-8ABD-A91BFB3EB137}"
EndProject
Project("{9A19103F-16F7-4668-BE54-9A1E7A4F7556}") = "Ordering.Domain", "Services\Ordering\Ordering.Domain\Ordering.Domain.csproj", "{DC3C2CF3-8710-42A5-895C-D0A57A64DAC6}"
EndProject
Project("{9A19103F-16F7-4668-BE54-9A1E7A4F7556}") = "Ordering.Application", "Services\Ordering\Ordering.Application\Ordering.Application.csproj", "{70C1D27E-D57B-495D-B167-749468D13EAF}"
EndProject
Project("{9A19103F-16F7-4668-BE54-9A1E7A4F7556}") = "Ordering.Infrastructure", "Services\Ordering\Ordering.Infrastructure\Ordering.Infrastructure.csproj", "{C562E211-6BEB-455D-929D-D64A4CAB1618}"
EndProject
Project("{9A19103F-16F7-4668-BE54-9A1E7A4F7556}") = "BuildingBlocks.Messaging", "BuildingBlocks\BuildingBlocks.Messaging\BuildingBlocks.Messaging.csproj", "{6027400E-04A7-40B2-8EE4-D0256F2D42A7}"
EndProject
Project("{2150E333-8FDC-42A3-9474-1A3956D46DE8}") = "ApiGateways", "ApiGateways", "{279AC1A7-5C22-4C77-AED4-52F52B9193BE}"
EndProject
Project("{FAE04EC0-301F-11D3-BF4B-00C04F79EFBC}") = "YarpApiGateway", "ApiGateways\YarpApiGateway\YarpApiGateway.csproj", "{DA8A3F98-8D2F-44BC-8286-5195CBB74370}"
EndProject
Project("{2150E333-8FDC-42A3-9474-1A3956D46DE8}") = "WebApps", "WebApps", "{81584230-9968-4306-8E76-1AC21FA57067}"
EndProject
Project("{FAE04EC0-301F-11D3-BF4B-00C04F79EFBC}") = "Shopping.Web", "WebApps\Shopping.Web\Shopping.Web.csproj", "{C4B361C9-A949-41F2-855B-EAA24F1E2443}"
EndProject
Global
	GlobalSection(SolutionConfigurationPlatforms) = preSolution
		Debug|Any CPU = Debug|Any CPU
		Release|Any CPU = Release|Any CPU
	EndGlobalSection
	GlobalSection(ProjectConfigurationPlatforms) = postSolution
		{33BBD9DC-CC00-4D6C-A9CD-A03B42CE5552}.Debug|Any CPU.ActiveCfg = Debug|Any CPU
		{33BBD9DC-CC00-4D6C-A9CD-A03B42CE5552}.Debug|Any CPU.Build.0 = Debug|Any CPU
		{33BBD9DC-CC00-4D6C-A9CD-A03B42CE5552}.Release|Any CPU.ActiveCfg = Release|Any CPU
		{33BBD9DC-CC00-4D6C-A9CD-A03B42CE5552}.Release|Any CPU.Build.0 = Release|Any CPU
		{5B6FB197-36C5-4EDA-BD33-5C420B3506F6}.Debug|Any CPU.ActiveCfg = Debug|Any CPU
		{5B6FB197-36C5-4EDA-BD33-5C420B3506F6}.Debug|Any CPU.Build.0 = Debug|Any CPU
		{5B6FB197-36C5-4EDA-BD33-5C420B3506F6}.Release|Any CPU.ActiveCfg = Release|Any CPU
		{5B6FB197-36C5-4EDA-BD33-5C420B3506F6}.Release|Any CPU.Build.0 = Release|Any CPU
		{4B4C206C-E5AC-481F-B0EC-85D9E9097E79}.Debug|Any CPU.ActiveCfg = Debug|Any CPU
		{4B4C206C-E5AC-481F-B0EC-85D9E9097E79}.Debug|Any CPU.Build.0 = Debug|Any CPU
		{4B4C206C-E5AC-481F-B0EC-85D9E9097E79}.Release|Any CPU.ActiveCfg = Release|Any CPU
		{4B4C206C-E5AC-481F-B0EC-85D9E9097E79}.Release|Any CPU.Build.0 = Release|Any CPU
		{C85F8125-6F6E-4421-98ED-785D855EFB21}.Debug|Any CPU.ActiveCfg = Debug|Any CPU
		{C85F8125-6F6E-4421-98ED-785D855EFB21}.Debug|Any CPU.Build.0 = Debug|Any CPU
		{C85F8125-6F6E-4421-98ED-785D855EFB21}.Release|Any CPU.ActiveCfg = Release|Any CPU
		{C85F8125-6F6E-4421-98ED-785D855EFB21}.Release|Any CPU.Build.0 = Release|Any CPU
		{95C90426-EBF4-4B86-8246-69E7B8DFC883}.Debug|Any CPU.ActiveCfg = Debug|Any CPU
		{95C90426-EBF4-4B86-8246-69E7B8DFC883}.Debug|Any CPU.Build.0 = Debug|Any CPU
		{95C90426-EBF4-4B86-8246-69E7B8DFC883}.Release|Any CPU.ActiveCfg = Release|Any CPU
		{95C90426-EBF4-4B86-8246-69E7B8DFC883}.Release|Any CPU.Build.0 = Release|Any CPU
		{04CEB9B7-360D-4E58-8ABD-A91BFB3EB137}.Debug|Any CPU.ActiveCfg = Debug|Any CPU
		{04CEB9B7-360D-4E58-8ABD-A91BFB3EB137}.Debug|Any CPU.Build.0 = Debug|Any CPU
		{04CEB9B7-360D-4E58-8ABD-A91BFB3EB137}.Release|Any CPU.ActiveCfg = Release|Any CPU
		{04CEB9B7-360D-4E58-8ABD-A91BFB3EB137}.Release|Any CPU.Build.0 = Release|Any CPU
		{DC3C2CF3-8710-42A5-895C-D0A57A64DAC6}.Debug|Any CPU.ActiveCfg = Debug|Any CPU
		{DC3C2CF3-8710-42A5-895C-D0A57A64DAC6}.Debug|Any CPU.Build.0 = Debug|Any CPU
		{DC3C2CF3-8710-42A5-895C-D0A57A64DAC6}.Release|Any CPU.ActiveCfg = Release|Any CPU
		{DC3C2CF3-8710-42A5-895C-D0A57A64DAC6}.Release|Any CPU.Build.0 = Release|Any CPU
		{70C1D27E-D57B-495D-B167-749468D13EAF}.Debug|Any CPU.ActiveCfg = Debug|Any CPU
		{70C1D27E-D57B-495D-B167-749468D13EAF}.Debug|Any CPU.Build.0 = Debug|Any CPU
		{70C1D27E-D57B-495D-B167-749468D13EAF}.Release|Any CPU.ActiveCfg = Release|Any CPU
		{70C1D27E-D57B-495D-B167-749468D13EAF}.Release|Any CPU.Build.0 = Release|Any CPU
		{C562E211-6BEB-455D-929D-D64A4CAB1618}.Debug|Any CPU.ActiveCfg = Debug|Any CPU
		{C562E211-6BEB-455D-929D-D64A4CAB1618}.Debug|Any CPU.Build.0 = Debug|Any CPU
		{C562E211-6BEB-455D-929D-D64A4CAB1618}.Release|Any CPU.ActiveCfg = Release|Any CPU
		{C562E211-6BEB-455D-929D-D64A4CAB1618}.Release|Any CPU.Build.0 = Release|Any CPU
		{6027400E-04A7-40B2-8EE4-D0256F2D42A7}.Debug|Any CPU.ActiveCfg = Debug|Any CPU
		{6027400E-04A7-40B2-8EE4-D0256F2D42A7}.Debug|Any CPU.Build.0 = Debug|Any CPU
		{6027400E-04A7-40B2-8EE4-D0256F2D42A7}.Release|Any CPU.ActiveCfg = Release|Any CPU
		{6027400E-04A7-40B2-8EE4-D0256F2D42A7}.Release|Any CPU.Build.0 = Release|Any CPU
		{DA8A3F98-8D2F-44BC-8286-5195CBB74370}.Debug|Any CPU.ActiveCfg = Debug|Any CPU
		{DA8A3F98-8D2F-44BC-8286-5195CBB74370}.Debug|Any CPU.Build.0 = Debug|Any CPU
		{DA8A3F98-8D2F-44BC-8286-5195CBB74370}.Release|Any CPU.ActiveCfg = Release|Any CPU
		{DA8A3F98-8D2F-44BC-8286-5195CBB74370}.Release|Any CPU.Build.0 = Release|Any CPU
		{C4B361C9-A949-41F2-855B-EAA24F1E2443}.Debug|Any CPU.ActiveCfg = Debug|Any CPU
		{C4B361C9-A949-41F2-855B-EAA24F1E2443}.Debug|Any CPU.Build.0 = Debug|Any CPU
		{C4B361C9-A949-41F2-855B-EAA24F1E2443}.Release|Any CPU.ActiveCfg = Release|Any CPU
		{C4B361C9-A949-41F2-855B-EAA24F1E2443}.Release|Any CPU.Build.0 = Release|Any CPU
	EndGlobalSection
	GlobalSection(SolutionProperties) = preSolution
		HideSolutionNode = FALSE
	EndGlobalSection
	GlobalSection(NestedProjects) = preSolution
		{CF569DE6-51CE-46DB-9A7E-FBADB782E4BD} = {D822DB87-DDC6-4C51-B2AC-35C292947BFA}
		{33BBD9DC-CC00-4D6C-A9CD-A03B42CE5552} = {CF569DE6-51CE-46DB-9A7E-FBADB782E4BD}
		{5B6FB197-36C5-4EDA-BD33-5C420B3506F6} = {50B538D3-5BC0-4F16-976F-53220F0BE930}
		{D922E0CB-401C-47B1-80F7-0198EACAF34A} = {D822DB87-DDC6-4C51-B2AC-35C292947BFA}
		{C85F8125-6F6E-4421-98ED-785D855EFB21} = {D922E0CB-401C-47B1-80F7-0198EACAF34A}
		{86176AE2-5CF6-4CE6-9C6D-BBBEE4D42D8A} = {D822DB87-DDC6-4C51-B2AC-35C292947BFA}
		{95C90426-EBF4-4B86-8246-69E7B8DFC883} = {86176AE2-5CF6-4CE6-9C6D-BBBEE4D42D8A}
		{11389659-B9BE-487A-93FF-D6AC9F10B2E2} = {D822DB87-DDC6-4C51-B2AC-35C292947BFA}
		{04CEB9B7-360D-4E58-8ABD-A91BFB3EB137} = {11389659-B9BE-487A-93FF-D6AC9F10B2E2}
		{DC3C2CF3-8710-42A5-895C-D0A57A64DAC6} = {11389659-B9BE-487A-93FF-D6AC9F10B2E2}
		{70C1D27E-D57B-495D-B167-749468D13EAF} = {11389659-B9BE-487A-93FF-D6AC9F10B2E2}
		{C562E211-6BEB-455D-929D-D64A4CAB1618} = {11389659-B9BE-487A-93FF-D6AC9F10B2E2}
		{6027400E-04A7-40B2-8EE4-D0256F2D42A7} = {50B538D3-5BC0-4F16-976F-53220F0BE930}
		{DA8A3F98-8D2F-44BC-8286-5195CBB74370} = {279AC1A7-5C22-4C77-AED4-52F52B9193BE}
		{C4B361C9-A949-41F2-855B-EAA24F1E2443} = {81584230-9968-4306-8E76-1AC21FA57067}
	EndGlobalSection
	GlobalSection(ExtensibilityGlobals) = postSolution
		SolutionGuid = {51EF1B81-D95F-4C06-B2D2-185484AD9EDA}
	EndGlobalSection
EndGlobal
